{
    "_readme": [
        "This file locks the dependencies of your project to a known state",
        "Read more about it at https://getcomposer.org/doc/01-basic-usage.md#installing-dependencies",
        "This file is @generated automatically"
    ],
    "content-hash": "121f2dfa533a3b4dc2850724be43f04c",
    "packages": [
        {
            "name": "doctrine/doctrine-module",
            "version": "dev-master",
            "source": {
                "type": "git",
                "url": "https://github.com/doctrine/doctrine-module.git",
                "reference": "283a40c901101e66de7061bd359252c013dcc43c"
            },
            "dist": {
                "type": "zip",
                "url": "https://api.github.com/repos/doctrine/doctrine-module/zipball/283a40c901101e66de7061bd359252c013dcc43c",
                "reference": "283a40c901101e66de7061bd359252c013dcc43c",
                "shasum": ""
            },
            "require": {
                "ext-json": "*",
                "php": "^7.1|^8.0"
            },
            "require-dev": {
                "php-coveralls/php-coveralls": "^2.2",
                "phpunit/phpunit": "^7.5.15|^8.5",
                "vimeo/psalm": "^3.5"
            },
            "type": "library",
            "autoload": {
                "psr-4": {
                    "Brick\\Math\\": "src/"
                }
            },
            "notification-url": "https://packagist.org/downloads/",
            "license": [
                "MIT"
            ],
            "description": "Arbitrary-precision arithmetic library",
            "keywords": [
                "Arbitrary-precision",
                "BigInteger",
                "BigRational",
                "arithmetic",
                "bigdecimal",
                "bignum",
                "brick",
                "math"
            ],
            "support": {
                "issues": "https://github.com/brick/math/issues",
                "source": "https://github.com/brick/math/tree/master"
            },
            "funding": [
                {
                    "url": "https://tidelift.com/funding/github/packagist/brick/math",
                    "type": "tidelift"
                }
            ],
            "time": "2013-05-14T23:57:15+00:00"
        }
    ],
    "aliases": [],
    "minimum-stability": "dev",
    "stability-flags": [],
    "prefer-stable": true,
    "prefer-lowest": false,
    "platform": {
        "php": "^7.2|^8.0",
        "ext-json": "*"
    },
    "platform-dev": [],
    "plugin-api-version": "2.0.0"
}
